// !$*UTF8*$!
{
	archiveVersion = 1;
	classes = {
	};
	objectVersion = 46;
	objects = {

/* Begin PBXBuildFile section */
		0222920020273AE00034FE6A /* WeatherTableViewCell.swift in Sources */ = {isa = PBXBuildFile; fileRef = 022291FF20273AE00034FE6A /* WeatherTableViewCell.swift */; };
		022292032027DCED0034FE6A /* WeatherListViewController.swift in Sources */ = {isa = PBXBuildFile; fileRef = 022292022027DCED0034FE6A /* WeatherListViewController.swift */; };
		022292052027DD670034FE6A /* CoreDataConnect+Weather.swift in Sources */ = {isa = PBXBuildFile; fileRef = 022292042027DD670034FE6A /* CoreDataConnect+Weather.swift */; };
		0222920A2027DE9C0034FE6A /* WeekWeather+Weather.swift in Sources */ = {isa = PBXBuildFile; fileRef = 022292092027DE9C0034FE6A /* WeekWeather+Weather.swift */; };
		0222920C2027ECBC0034FE6A /* DailyQuoteTableViewCell.swift in Sources */ = {isa = PBXBuildFile; fileRef = 0222920B2027ECBC0034FE6A /* DailyQuoteTableViewCell.swift */; };
		02229212202839330034FE6A /* UIColor+Initialization.swift in Sources */ = {isa = PBXBuildFile; fileRef = 02229211202839330034FE6A /* UIColor+Initialization.swift */; };
		0222921420284A0C0034FE6A /* Date+WeekDay.swift in Sources */ = {isa = PBXBuildFile; fileRef = 0222921320284A0C0034FE6A /* Date+WeekDay.swift */; };
		02229216202851640034FE6A /* NSObject+ReachabilityStatus.swift in Sources */ = {isa = PBXBuildFile; fileRef = 02229215202851640034FE6A /* NSObject+ReachabilityStatus.swift */; };
		02229218202852010034FE6A /* UIViewController+Alerts.swift in Sources */ = {isa = PBXBuildFile; fileRef = 02229217202852010034FE6A /* UIViewController+Alerts.swift */; };
		023729772023365C009D4187 /* AppDelegate.swift in Sources */ = {isa = PBXBuildFile; fileRef = 023729762023365C009D4187 /* AppDelegate.swift */; };
		0237297C2023365C009D4187 /* Main.storyboard in Resources */ = {isa = PBXBuildFile; fileRef = 0237297A2023365C009D4187 /* Main.storyboard */; };
		0237297E2023365C009D4187 /* Assets.xcassets in Resources */ = {isa = PBXBuildFile; fileRef = 0237297D2023365C009D4187 /* Assets.xcassets */; };
		023729812023365C009D4187 /* LaunchScreen.storyboard in Resources */ = {isa = PBXBuildFile; fileRef = 0237297F2023365C009D4187 /* LaunchScreen.storyboard */; };
		0241D10D20241EF1005D9F91 /* InfoPlist.strings in Resources */ = {isa = PBXBuildFile; fileRef = 0241D10F20241EF1005D9F91 /* InfoPlist.strings */; };
		0241D11020241EF7005D9F91 /* Localizable.strings in Resources */ = {isa = PBXBuildFile; fileRef = 0241D11220241EF7005D9F91 /* Localizable.strings */; };
		028835F0231A152600669E27 /* R.generated.swift in Sources */ = {isa = PBXBuildFile; fileRef = 028835EF231A152600669E27 /* R.generated.swift */; };
		02883608231A792B00669E27 /* NetworkRequestOperation.swift in Sources */ = {isa = PBXBuildFile; fileRef = 028835FE231A792B00669E27 /* NetworkRequestOperation.swift */; };
		02883609231A792B00669E27 /* UploadRequestable.swift in Sources */ = {isa = PBXBuildFile; fileRef = 028835FF231A792B00669E27 /* UploadRequestable.swift */; };
		0288360A231A792B00669E27 /* HTTPMethod.swift in Sources */ = {isa = PBXBuildFile; fileRef = 02883600231A792B00669E27 /* HTTPMethod.swift */; };
		0288360B231A792B00669E27 /* AsynchronousOperation.swift in Sources */ = {isa = PBXBuildFile; fileRef = 02883601231A792B00669E27 /* AsynchronousOperation.swift */; };
		0288360C231A792B00669E27 /* Requestable.swift in Sources */ = {isa = PBXBuildFile; fileRef = 02883602231A792B00669E27 /* Requestable.swift */; };
		0288360D231A792B00669E27 /* Result.swift in Sources */ = {isa = PBXBuildFile; fileRef = 02883603231A792B00669E27 /* Result.swift */; };
		0288360E231A792B00669E27 /* NetworkController.swift in Sources */ = {isa = PBXBuildFile; fileRef = 02883604231A792B00669E27 /* NetworkController.swift */; };
		0288360F231A792B00669E27 /* Response.swift in Sources */ = {isa = PBXBuildFile; fileRef = 02883605231A792B00669E27 /* Response.swift */; };
		02883610231A792B00669E27 /* APIClientError.swift in Sources */ = {isa = PBXBuildFile; fileRef = 02883606231A792B00669E27 /* APIClientError.swift */; };
		02883611231A792B00669E27 /* String+fill.swift in Sources */ = {isa = PBXBuildFile; fileRef = 02883607231A792B00669E27 /* String+fill.swift */; };
		02883613231A79AF00669E27 /* WeatherLoader.swift in Sources */ = {isa = PBXBuildFile; fileRef = 02883612231A79AF00669E27 /* WeatherLoader.swift */; };
		02A9CDCD2051116E003FD268 /* WeatherNetworkRequest.swift in Sources */ = {isa = PBXBuildFile; fileRef = 02A9CDCC2051116E003FD268 /* WeatherNetworkRequest.swift */; };
		02BFBF65231B610900CE35EA /* WeatherListTableView.swift in Sources */ = {isa = PBXBuildFile; fileRef = 02BFBF64231B610900CE35EA /* WeatherListTableView.swift */; };
		02BFBF67231BEF4E00CE35EA /* WeatherParserDelegate.swift in Sources */ = {isa = PBXBuildFile; fileRef = 02BFBF66231BEF4E00CE35EA /* WeatherParserDelegate.swift */; };
		02C5671E2024408600A5DAB8 /* WeekWeather.xcdatamodeld in Sources */ = {isa = PBXBuildFile; fileRef = 02C5671C2024408600A5DAB8 /* WeekWeather.xcdatamodeld */; };
		02C567202024416300A5DAB8 /* Weather.swift in Sources */ = {isa = PBXBuildFile; fileRef = 02C5671F2024416300A5DAB8 /* Weather.swift */; };
		02C567242024632B00A5DAB8 /* Utils.swift in Sources */ = {isa = PBXBuildFile; fileRef = 02C567232024632B00A5DAB8 /* Utils.swift */; };
		02C567262024633E00A5DAB8 /* Define.swift in Sources */ = {isa = PBXBuildFile; fileRef = 02C567252024633E00A5DAB8 /* Define.swift */; };
		02C567282024635400A5DAB8 /* String+Path.swift in Sources */ = {isa = PBXBuildFile; fileRef = 02C567272024635400A5DAB8 /* String+Path.swift */; };
		02C5672B202556B900A5DAB8 /* ParserManager.swift in Sources */ = {isa = PBXBuildFile; fileRef = 02C5672A202556B900A5DAB8 /* ParserManager.swift */; };
		02C5672D2025604100A5DAB8 /* CoreDataConnect.swift in Sources */ = {isa = PBXBuildFile; fileRef = 02C5672C2025604100A5DAB8 /* CoreDataConnect.swift */; };
		02C5672F2025814100A5DAB8 /* Date+ISO8601.swift in Sources */ = {isa = PBXBuildFile; fileRef = 02C5672E2025814100A5DAB8 /* Date+ISO8601.swift */; };
		02C5673120258F0C00A5DAB8 /* Date+String.swift in Sources */ = {isa = PBXBuildFile; fileRef = 02C5673020258F0C00A5DAB8 /* Date+String.swift */; };
		02DA0537202702E600954ABE /* Date+LocalTime.swift in Sources */ = {isa = PBXBuildFile; fileRef = 02DA0536202702E600954ABE /* Date+LocalTime.swift */; };
		175B2CE79FE9E5E2051722C3 /* Pods_TaiChungWeather.framework in Frameworks */ = {isa = PBXBuildFile; fileRef = 83C8B4650C26D40FC233D3EA /* Pods_TaiChungWeather.framework */; };
/* End PBXBuildFile section */

/* Begin PBXFileReference section */
		022291FE202737120034FE6A /* en */ = {isa = PBXFileReference; lastKnownFileType = text.plist.strings; name = en; path = en.lproj/InfoPlist.strings; sourceTree = "<group>"; };
		022291FF20273AE00034FE6A /* WeatherTableViewCell.swift */ = {isa = PBXFileReference; lastKnownFileType = sourcecode.swift; path = WeatherTableViewCell.swift; sourceTree = "<group>"; };
		022292022027DCED0034FE6A /* WeatherListViewController.swift */ = {isa = PBXFileReference; fileEncoding = 4; lastKnownFileType = sourcecode.swift; path = WeatherListViewController.swift; sourceTree = "<group>"; };
		022292042027DD670034FE6A /* CoreDataConnect+Weather.swift */ = {isa = PBXFileReference; lastKnownFileType = sourcecode.swift; path = "CoreDataConnect+Weather.swift"; sourceTree = "<group>"; };
		022292092027DE9C0034FE6A /* WeekWeather+Weather.swift */ = {isa = PBXFileReference; lastKnownFileType = sourcecode.swift; path = "WeekWeather+Weather.swift"; sourceTree = "<group>"; };
		0222920B2027ECBC0034FE6A /* DailyQuoteTableViewCell.swift */ = {isa = PBXFileReference; lastKnownFileType = sourcecode.swift; path = DailyQuoteTableViewCell.swift; sourceTree = "<group>"; };
		02229211202839330034FE6A /* UIColor+Initialization.swift */ = {isa = PBXFileReference; fileEncoding = 4; lastKnownFileType = sourcecode.swift; path = "UIColor+Initialization.swift"; sourceTree = "<group>"; };
		0222921320284A0C0034FE6A /* Date+WeekDay.swift */ = {isa = PBXFileReference; lastKnownFileType = sourcecode.swift; path = "Date+WeekDay.swift"; sourceTree = "<group>"; };
		02229215202851640034FE6A /* NSObject+ReachabilityStatus.swift */ = {isa = PBXFileReference; fileEncoding = 4; lastKnownFileType = sourcecode.swift; path = "NSObject+ReachabilityStatus.swift"; sourceTree = "<group>"; };
		02229217202852010034FE6A /* UIViewController+Alerts.swift */ = {isa = PBXFileReference; fileEncoding = 4; lastKnownFileType = sourcecode.swift; path = "UIViewController+Alerts.swift"; sourceTree = "<group>"; };
		023729732023365C009D4187 /* TaiChungWeather.app */ = {isa = PBXFileReference; explicitFileType = wrapper.application; includeInIndex = 0; path = TaiChungWeather.app; sourceTree = BUILT_PRODUCTS_DIR; };
		023729762023365C009D4187 /* AppDelegate.swift */ = {isa = PBXFileReference; lastKnownFileType = sourcecode.swift; path = AppDelegate.swift; sourceTree = "<group>"; };
		0237297B2023365C009D4187 /* Base */ = {isa = PBXFileReference; lastKnownFileType = file.storyboard; name = Base; path = Base.lproj/Main.storyboard; sourceTree = "<group>"; };
		0237297D2023365C009D4187 /* Assets.xcassets */ = {isa = PBXFileReference; lastKnownFileType = folder.assetcatalog; path = Assets.xcassets; sourceTree = "<group>"; };
		023729802023365C009D4187 /* Base */ = {isa = PBXFileReference; lastKnownFileType = file.storyboard; name = Base; path = Base.lproj/LaunchScreen.storyboard; sourceTree = "<group>"; };
		023729822023365C009D4187 /* Info.plist */ = {isa = PBXFileReference; lastKnownFileType = text.plist.xml; path = Info.plist; sourceTree = "<group>"; };
		0241D10E20241EF1005D9F91 /* Base */ = {isa = PBXFileReference; lastKnownFileType = text.plist.strings; name = Base; path = Base.lproj/InfoPlist.strings; sourceTree = "<group>"; };
		0241D11120241EF7005D9F91 /* Base */ = {isa = PBXFileReference; lastKnownFileType = text.plist.strings; name = Base; path = Base.lproj/Localizable.strings; sourceTree = "<group>"; };
		028835EF231A152600669E27 /* R.generated.swift */ = {isa = PBXFileReference; fileEncoding = 4; lastKnownFileType = sourcecode.swift; path = R.generated.swift; sourceTree = SOURCE_ROOT; };
		028835FE231A792B00669E27 /* NetworkRequestOperation.swift */ = {isa = PBXFileReference; fileEncoding = 4; lastKnownFileType = sourcecode.swift; name = NetworkRequestOperation.swift; path = ../../../../PaulOpenDataDemo/APIClient/NetworkRequestOperation.swift; sourceTree = "<group>"; };
		028835FF231A792B00669E27 /* UploadRequestable.swift */ = {isa = PBXFileReference; fileEncoding = 4; lastKnownFileType = sourcecode.swift; path = UploadRequestable.swift; sourceTree = "<group>"; };
		02883600231A792B00669E27 /* HTTPMethod.swift */ = {isa = PBXFileReference; fileEncoding = 4; lastKnownFileType = sourcecode.swift; path = HTTPMethod.swift; sourceTree = "<group>"; };
		02883601231A792B00669E27 /* AsynchronousOperation.swift */ = {isa = PBXFileReference; fileEncoding = 4; lastKnownFileType = sourcecode.swift; name = AsynchronousOperation.swift; path = ../../../../PaulOpenDataDemo/APIClient/AsynchronousOperation.swift; sourceTree = "<group>"; };
		02883602231A792B00669E27 /* Requestable.swift */ = {isa = PBXFileReference; fileEncoding = 4; lastKnownFileType = sourcecode.swift; path = Requestable.swift; sourceTree = "<group>"; };
		02883603231A792B00669E27 /* Result.swift */ = {isa = PBXFileReference; fileEncoding = 4; lastKnownFileType = sourcecode.swift; path = Result.swift; sourceTree = "<group>"; };
		02883604231A792B00669E27 /* NetworkController.swift */ = {isa = PBXFileReference; fileEncoding = 4; lastKnownFileType = sourcecode.swift; name = NetworkController.swift; path = ../../../../PaulOpenDataDemo/APIClient/NetworkController.swift; sourceTree = "<group>"; };
		02883605231A792B00669E27 /* Response.swift */ = {isa = PBXFileReference; fileEncoding = 4; lastKnownFileType = sourcecode.swift; path = Response.swift; sourceTree = "<group>"; };
		02883606231A792B00669E27 /* APIClientError.swift */ = {isa = PBXFileReference; fileEncoding = 4; lastKnownFileType = sourcecode.swift; path = APIClientError.swift; sourceTree = "<group>"; };
		02883607231A792B00669E27 /* String+fill.swift */ = {isa = PBXFileReference; fileEncoding = 4; lastKnownFileType = sourcecode.swift; path = "String+fill.swift"; sourceTree = "<group>"; };
		02883612231A79AF00669E27 /* WeatherLoader.swift */ = {isa = PBXFileReference; lastKnownFileType = sourcecode.swift; path = WeatherLoader.swift; sourceTree = "<group>"; };
		02A9CDCC2051116E003FD268 /* WeatherNetworkRequest.swift */ = {isa = PBXFileReference; lastKnownFileType = sourcecode.swift; path = WeatherNetworkRequest.swift; sourceTree = "<group>"; };
		02BFBF64231B610900CE35EA /* WeatherListTableView.swift */ = {isa = PBXFileReference; lastKnownFileType = sourcecode.swift; path = WeatherListTableView.swift; sourceTree = "<group>"; };
		02BFBF66231BEF4E00CE35EA /* WeatherParserDelegate.swift */ = {isa = PBXFileReference; lastKnownFileType = sourcecode.swift; path = WeatherParserDelegate.swift; sourceTree = "<group>"; };
		02C5671D2024408600A5DAB8 /* WeekWeather.xcdatamodel */ = {isa = PBXFileReference; lastKnownFileType = wrapper.xcdatamodel; path = WeekWeather.xcdatamodel; sourceTree = "<group>"; };
		02C5671F2024416300A5DAB8 /* Weather.swift */ = {isa = PBXFileReference; fileEncoding = 4; lastKnownFileType = sourcecode.swift; path = Weather.swift; sourceTree = "<group>"; };
		02C567232024632B00A5DAB8 /* Utils.swift */ = {isa = PBXFileReference; fileEncoding = 4; lastKnownFileType = sourcecode.swift; path = Utils.swift; sourceTree = "<group>"; };
		02C567252024633E00A5DAB8 /* Define.swift */ = {isa = PBXFileReference; fileEncoding = 4; lastKnownFileType = sourcecode.swift; path = Define.swift; sourceTree = "<group>"; };
		02C567272024635400A5DAB8 /* String+Path.swift */ = {isa = PBXFileReference; fileEncoding = 4; lastKnownFileType = sourcecode.swift; path = "String+Path.swift"; sourceTree = "<group>"; };
		02C5672A202556B900A5DAB8 /* ParserManager.swift */ = {isa = PBXFileReference; fileEncoding = 4; lastKnownFileType = sourcecode.swift; path = ParserManager.swift; sourceTree = "<group>"; };
		02C5672C2025604100A5DAB8 /* CoreDataConnect.swift */ = {isa = PBXFileReference; fileEncoding = 4; lastKnownFileType = sourcecode.swift; path = CoreDataConnect.swift; sourceTree = "<group>"; };
		02C5672E2025814100A5DAB8 /* Date+ISO8601.swift */ = {isa = PBXFileReference; fileEncoding = 4; lastKnownFileType = sourcecode.swift; path = "Date+ISO8601.swift"; sourceTree = "<group>"; };
		02C5673020258F0C00A5DAB8 /* Date+String.swift */ = {isa = PBXFileReference; fileEncoding = 4; lastKnownFileType = sourcecode.swift; path = "Date+String.swift"; sourceTree = "<group>"; };
		02DA0536202702E600954ABE /* Date+LocalTime.swift */ = {isa = PBXFileReference; fileEncoding = 4; lastKnownFileType = sourcecode.swift; path = "Date+LocalTime.swift"; sourceTree = "<group>"; };
		4F570888C24A82027359EF28 /* Pods-TaiChungWeather.release.xcconfig */ = {isa = PBXFileReference; includeInIndex = 1; lastKnownFileType = text.xcconfig; name = "Pods-TaiChungWeather.release.xcconfig"; path = "Pods/Target Support Files/Pods-TaiChungWeather/Pods-TaiChungWeather.release.xcconfig"; sourceTree = "<group>"; };
		83C8B4650C26D40FC233D3EA /* Pods_TaiChungWeather.framework */ = {isa = PBXFileReference; explicitFileType = wrapper.framework; includeInIndex = 0; path = Pods_TaiChungWeather.framework; sourceTree = BUILT_PRODUCTS_DIR; };
		8E5B44ED3D4125319371DE3A /* Pods-TaiChungWeather.debug.xcconfig */ = {isa = PBXFileReference; includeInIndex = 1; lastKnownFileType = text.xcconfig; name = "Pods-TaiChungWeather.debug.xcconfig"; path = "Pods/Target Support Files/Pods-TaiChungWeather/Pods-TaiChungWeather.debug.xcconfig"; sourceTree = "<group>"; };
/* End PBXFileReference section */

/* Begin PBXFrameworksBuildPhase section */
		023729702023365C009D4187 /* Frameworks */ = {
			isa = PBXFrameworksBuildPhase;
			buildActionMask = 2147483647;
			files = (
				175B2CE79FE9E5E2051722C3 /* Pods_TaiChungWeather.framework in Frameworks */,
			);
			runOnlyForDeploymentPostprocessing = 0;
		};
/* End PBXFrameworksBuildPhase section */

/* Begin PBXGroup section */
		0222920120273B890034FE6A /* Cell */ = {
			isa = PBXGroup;
			children = (
				022291FF20273AE00034FE6A /* WeatherTableViewCell.swift */,
				0222920B2027ECBC0034FE6A /* DailyQuoteTableViewCell.swift */,
			);
			name = Cell;
			sourceTree = "<group>";
		};
		022292062027DE250034FE6A /* View Controllers */ = {
			isa = PBXGroup;
			children = (
				022292022027DCED0034FE6A /* WeatherListViewController.swift */,
				02BFBF64231B610900CE35EA /* WeatherListTableView.swift */,
			);
			name = "View Controllers";
			sourceTree = "<group>";
		};
		022292072027DE380034FE6A /* Storyboards */ = {
			isa = PBXGroup;
			children = (
				0237297A2023365C009D4187 /* Main.storyboard */,
				0237297F2023365C009D4187 /* LaunchScreen.storyboard */,
			);
			name = Storyboards;
			sourceTree = "<group>";
		};
		022292082027DE820034FE6A /* Structs */ = {
			isa = PBXGroup;
			children = (
				02C5671F2024416300A5DAB8 /* Weather.swift */,
				022292092027DE9C0034FE6A /* WeekWeather+Weather.swift */,
			);
			name = Structs;
			sourceTree = "<group>";
		};
		0237296A2023365C009D4187 = {
			isa = PBXGroup;
			children = (
				023729752023365C009D4187 /* TaiChungWeather */,
				023729742023365C009D4187 /* Products */,
				3281A5F726B6D29CD6536E12 /* Pods */,
				226EEFBA9121BA95C554302B /* Frameworks */,
			);
			sourceTree = "<group>";
		};
		023729742023365C009D4187 /* Products */ = {
			isa = PBXGroup;
			children = (
				023729732023365C009D4187 /* TaiChungWeather.app */,
			);
			name = Products;
			sourceTree = "<group>";
		};
		023729752023365C009D4187 /* TaiChungWeather */ = {
			isa = PBXGroup;
			children = (
				02883612231A79AF00669E27 /* WeatherLoader.swift */,
				02BFBF66231BEF4E00CE35EA /* WeatherParserDelegate.swift */,
				028835FD231A78F800669E27 /* NewNetwork */,
				02A9CDC52050E5E1003FD268 /* Network */,
				023729762023365C009D4187 /* AppDelegate.swift */,
				022292062027DE250034FE6A /* View Controllers */,
				02C567292024636D00A5DAB8 /* Utils */,
				022292072027DE380034FE6A /* Storyboards */,
				02372988202336F8009D4187 /* Support */,
				022292082027DE820034FE6A /* Structs */,
				02C5672A202556B900A5DAB8 /* ParserManager.swift */,
				02C5672C2025604100A5DAB8 /* CoreDataConnect.swift */,
				022292042027DD670034FE6A /* CoreDataConnect+Weather.swift */,
				0222920120273B890034FE6A /* Cell */,
			);
			path = TaiChungWeather;
			sourceTree = "<group>";
		};
		02372988202336F8009D4187 /* Support */ = {
			isa = PBXGroup;
			children = (
				028835EF231A152600669E27 /* R.generated.swift */,
				0241D10F20241EF1005D9F91 /* InfoPlist.strings */,
				0241D11220241EF7005D9F91 /* Localizable.strings */,
				0237297D2023365C009D4187 /* Assets.xcassets */,
				023729822023365C009D4187 /* Info.plist */,
				02C5671C2024408600A5DAB8 /* WeekWeather.xcdatamodeld */,
			);
			name = Support;
			sourceTree = "<group>";
		};
		028835FD231A78F800669E27 /* NewNetwork */ = {
			isa = PBXGroup;
			children = (
				02883606231A792B00669E27 /* APIClientError.swift */,
				02883601231A792B00669E27 /* AsynchronousOperation.swift */,
				02883600231A792B00669E27 /* HTTPMethod.swift */,
				02883604231A792B00669E27 /* NetworkController.swift */,
				028835FE231A792B00669E27 /* NetworkRequestOperation.swift */,
				02883602231A792B00669E27 /* Requestable.swift */,
				02883605231A792B00669E27 /* Response.swift */,
				02883603231A792B00669E27 /* Result.swift */,
				02883607231A792B00669E27 /* String+fill.swift */,
				028835FF231A792B00669E27 /* UploadRequestable.swift */,
			);
			name = NewNetwork;
			sourceTree = "<group>";
		};
		02A9CDC52050E5E1003FD268 /* Network */ = {
			isa = PBXGroup;
			children = (
				02A9CDCC2051116E003FD268 /* WeatherNetworkRequest.swift */,
			);
			name = Network;
			sourceTree = "<group>";
		};
		02C567292024636D00A5DAB8 /* Utils */ = {
			isa = PBXGroup;
			children = (
				02C567252024633E00A5DAB8 /* Define.swift */,
				02C567232024632B00A5DAB8 /* Utils.swift */,
				02C567272024635400A5DAB8 /* String+Path.swift */,
				02C5672E2025814100A5DAB8 /* Date+ISO8601.swift */,
				02C5673020258F0C00A5DAB8 /* Date+String.swift */,
				02DA0536202702E600954ABE /* Date+LocalTime.swift */,
				02229211202839330034FE6A /* UIColor+Initialization.swift */,
				0222921320284A0C0034FE6A /* Date+WeekDay.swift */,
				02229215202851640034FE6A /* NSObject+ReachabilityStatus.swift */,
				02229217202852010034FE6A /* UIViewController+Alerts.swift */,
			);
			name = Utils;
			sourceTree = "<group>";
		};
		226EEFBA9121BA95C554302B /* Frameworks */ = {
			isa = PBXGroup;
			children = (
				83C8B4650C26D40FC233D3EA /* Pods_TaiChungWeather.framework */,
			);
			name = Frameworks;
			sourceTree = "<group>";
		};
		3281A5F726B6D29CD6536E12 /* Pods */ = {
			isa = PBXGroup;
			children = (
				8E5B44ED3D4125319371DE3A /* Pods-TaiChungWeather.debug.xcconfig */,
				4F570888C24A82027359EF28 /* Pods-TaiChungWeather.release.xcconfig */,
			);
			name = Pods;
			sourceTree = "<group>";
		};
/* End PBXGroup section */

/* Begin PBXNativeTarget section */
		023729722023365C009D4187 /* TaiChungWeather */ = {
			isa = PBXNativeTarget;
			buildConfigurationList = 023729852023365C009D4187 /* Build configuration list for PBXNativeTarget "TaiChungWeather" */;
			buildPhases = (
				4DCE0FBBAB2C3073167B4C74 /* [CP] Check Pods Manifest.lock */,
				028835EE231A149400669E27 /* R .swift Run Script */,
				0237296F2023365C009D4187 /* Sources */,
				023729702023365C009D4187 /* Frameworks */,
				023729712023365C009D4187 /* Resources */,
				D6D07CD8204BDD2C45B769E6 /* [CP] Embed Pods Frameworks */,
			);
			buildRules = (
			);
			dependencies = (
			);
			name = TaiChungWeather;
			productName = TaiChungWeather;
			productReference = 023729732023365C009D4187 /* TaiChungWeather.app */;
			productType = "com.apple.product-type.application";
		};
/* End PBXNativeTarget section */

/* Begin PBXProject section */
		0237296B2023365C009D4187 /* Project object */ = {
			isa = PBXProject;
			attributes = {
				LastSwiftUpdateCheck = 0830;
				LastUpgradeCheck = 0830;
				ORGANIZATIONNAME = jerome;
				TargetAttributes = {
					023729722023365C009D4187 = {
						CreatedOnToolsVersion = 8.3.3;
						DevelopmentTeam = 47FGBWZVJ9;
						ProvisioningStyle = Automatic;
					};
				};
			};
			buildConfigurationList = 0237296E2023365C009D4187 /* Build configuration list for PBXProject "TaiChungWeather" */;
			compatibilityVersion = "Xcode 3.2";
			developmentRegion = English;
			hasScannedForEncodings = 0;
			knownRegions = (
				English,
				en,
				Base,
			);
			mainGroup = 0237296A2023365C009D4187;
			productRefGroup = 023729742023365C009D4187 /* Products */;
			projectDirPath = "";
			projectRoot = "";
			targets = (
				023729722023365C009D4187 /* TaiChungWeather */,
			);
		};
/* End PBXProject section */

/* Begin PBXResourcesBuildPhase section */
		023729712023365C009D4187 /* Resources */ = {
			isa = PBXResourcesBuildPhase;
			buildActionMask = 2147483647;
			files = (
				0241D11020241EF7005D9F91 /* Localizable.strings in Resources */,
				023729812023365C009D4187 /* LaunchScreen.storyboard in Resources */,
				0241D10D20241EF1005D9F91 /* InfoPlist.strings in Resources */,
				0237297E2023365C009D4187 /* Assets.xcassets in Resources */,
				0237297C2023365C009D4187 /* Main.storyboard in Resources */,
			);
			runOnlyForDeploymentPostprocessing = 0;
		};
/* End PBXResourcesBuildPhase section */

/* Begin PBXShellScriptBuildPhase section */
		028835EE231A149400669E27 /* R .swift Run Script */ = {
			isa = PBXShellScriptBuildPhase;
			buildActionMask = 2147483647;
			files = (
			);
			inputFileListPaths = (
			);
			inputPaths = (
				"$TEMP_DIR/rswift-lastrun",
			);
			name = "R .swift Run Script";
			outputFileListPaths = (
			);
			outputPaths = (
				$SRCROOT/R.generated.swift,
			);
			runOnlyForDeploymentPostprocessing = 0;
			shellPath = /bin/sh;
			shellScript = "# Type a script or drag a script file from your workspace to insert its path.\n\"$PODS_ROOT/R.swift/rswift\" generate \"$SRCROOT/R.generated.swift\"\n";
		};
		4DCE0FBBAB2C3073167B4C74 /* [CP] Check Pods Manifest.lock */ = {
			isa = PBXShellScriptBuildPhase;
			buildActionMask = 2147483647;
			files = (
			);
			inputPaths = (
				"${PODS_PODFILE_DIR_PATH}/Podfile.lock",
				"${PODS_ROOT}/Manifest.lock",
			);
			name = "[CP] Check Pods Manifest.lock";
			outputPaths = (
				"$(DERIVED_FILE_DIR)/Pods-TaiChungWeather-checkManifestLockResult.txt",
			);
			runOnlyForDeploymentPostprocessing = 0;
			shellPath = /bin/sh;
			shellScript = "diff \"${PODS_PODFILE_DIR_PATH}/Podfile.lock\" \"${PODS_ROOT}/Manifest.lock\" > /dev/null\nif [ $? != 0 ] ; then\n    # print error to STDERR\n    echo \"error: The sandbox is not in sync with the Podfile.lock. Run 'pod install' or update your CocoaPods installation.\" >&2\n    exit 1\nfi\n# This output is used by Xcode 'outputs' to avoid re-running this script phase.\necho \"SUCCESS\" > \"${SCRIPT_OUTPUT_FILE_0}\"\n";
			showEnvVarsInLog = 0;
		};
		D6D07CD8204BDD2C45B769E6 /* [CP] Embed Pods Frameworks */ = {
			isa = PBXShellScriptBuildPhase;
			buildActionMask = 2147483647;
			files = (
			);
			inputPaths = (
				"${PODS_ROOT}/Target Support Files/Pods-TaiChungWeather/Pods-TaiChungWeather-frameworks.sh",
				"${BUILT_PRODUCTS_DIR}/DGElasticPullToRefresh/DGElasticPullToRefresh.framework",
				"${BUILT_PRODUCTS_DIR}/Ji/Ji.framework",
				"${BUILT_PRODUCTS_DIR}/KRActivityIndicatorView/KRActivityIndicatorView.framework",
				"${BUILT_PRODUCTS_DIR}/KRProgressHUD/KRProgressHUD.framework",
				"${BUILT_PRODUCTS_DIR}/R.swift.Library/Rswift.framework",
			);
			name = "[CP] Embed Pods Frameworks";
			outputPaths = (
				"${TARGET_BUILD_DIR}/${FRAMEWORKS_FOLDER_PATH}/DGElasticPullToRefresh.framework",
				"${TARGET_BUILD_DIR}/${FRAMEWORKS_FOLDER_PATH}/Ji.framework",
				"${TARGET_BUILD_DIR}/${FRAMEWORKS_FOLDER_PATH}/KRActivityIndicatorView.framework",
				"${TARGET_BUILD_DIR}/${FRAMEWORKS_FOLDER_PATH}/KRProgressHUD.framework",
				"${TARGET_BUILD_DIR}/${FRAMEWORKS_FOLDER_PATH}/Rswift.framework",
			);
			runOnlyForDeploymentPostprocessing = 0;
			shellPath = /bin/sh;
			shellScript = "\"${PODS_ROOT}/Target Support Files/Pods-TaiChungWeather/Pods-TaiChungWeather-frameworks.sh\"\n";
			showEnvVarsInLog = 0;
		};
/* End PBXShellScriptBuildPhase section */

/* Begin PBXSourcesBuildPhase section */
		0237296F2023365C009D4187 /* Sources */ = {
			isa = PBXSourcesBuildPhase;
			buildActionMask = 2147483647;
			files = (
				02883609231A792B00669E27 /* UploadRequestable.swift in Sources */,
				02229216202851640034FE6A /* NSObject+ReachabilityStatus.swift in Sources */,
				02BFBF65231B610900CE35EA /* WeatherListTableView.swift in Sources */,
				02C567202024416300A5DAB8 /* Weather.swift in Sources */,
				0222920020273AE00034FE6A /* WeatherTableViewCell.swift in Sources */,
				02883613231A79AF00669E27 /* WeatherLoader.swift in Sources */,
				0288360D231A792B00669E27 /* Result.swift in Sources */,
				02C5671E2024408600A5DAB8 /* WeekWeather.xcdatamodeld in Sources */,
				0288360C231A792B00669E27 /* Requestable.swift in Sources */,
				0222920C2027ECBC0034FE6A /* DailyQuoteTableViewCell.swift in Sources */,
				02C567282024635400A5DAB8 /* String+Path.swift in Sources */,
				02BFBF67231BEF4E00CE35EA /* WeatherParserDelegate.swift in Sources */,
				0288360E231A792B00669E27 /* NetworkController.swift in Sources */,
				023729772023365C009D4187 /* AppDelegate.swift in Sources */,
				02883610231A792B00669E27 /* APIClientError.swift in Sources */,
				02C5672B202556B900A5DAB8 /* ParserManager.swift in Sources */,
				02A9CDCD2051116E003FD268 /* WeatherNetworkRequest.swift in Sources */,
				02C567242024632B00A5DAB8 /* Utils.swift in Sources */,
				02DA0537202702E600954ABE /* Date+LocalTime.swift in Sources */,
				02C5673120258F0C00A5DAB8 /* Date+String.swift in Sources */,
				02883608231A792B00669E27 /* NetworkRequestOperation.swift in Sources */,
				02229212202839330034FE6A /* UIColor+Initialization.swift in Sources */,
				0288360F231A792B00669E27 /* Response.swift in Sources */,
				0288360B231A792B00669E27 /* AsynchronousOperation.swift in Sources */,
				0288360A231A792B00669E27 /* HTTPMethod.swift in Sources */,
				02C567262024633E00A5DAB8 /* Define.swift in Sources */,
				0222920A2027DE9C0034FE6A /* WeekWeather+Weather.swift in Sources */,
				022292052027DD670034FE6A /* CoreDataConnect+Weather.swift in Sources */,
				028835F0231A152600669E27 /* R.generated.swift in Sources */,
				02C5672D2025604100A5DAB8 /* CoreDataConnect.swift in Sources */,
				02C5672F2025814100A5DAB8 /* Date+ISO8601.swift in Sources */,
				022292032027DCED0034FE6A /* WeatherListViewController.swift in Sources */,
				02883611231A792B00669E27 /* String+fill.swift in Sources */,
				02229218202852010034FE6A /* UIViewController+Alerts.swift in Sources */,
				0222921420284A0C0034FE6A /* Date+WeekDay.swift in Sources */,
			);
			runOnlyForDeploymentPostprocessing = 0;
		};
/* End PBXSourcesBuildPhase section */

/* Begin PBXVariantGroup section */
		0237297A2023365C009D4187 /* Main.storyboard */ = {
			isa = PBXVariantGroup;
			children = (
				0237297B2023365C009D4187 /* Base */,
			);
			name = Main.storyboard;
			sourceTree = "<group>";
		};
		0237297F2023365C009D4187 /* LaunchScreen.storyboard */ = {
			isa = PBXVariantGroup;
			children = (
				023729802023365C009D4187 /* Base */,
			);
			name = LaunchScreen.storyboard;
			sourceTree = "<group>";
		};
		0241D10F20241EF1005D9F91 /* InfoPlist.strings */ = {
			isa = PBXVariantGroup;
			children = (
				0241D10E20241EF1005D9F91 /* Base */,
				022291FE202737120034FE6A /* en */,
			);
			name = InfoPlist.strings;
			sourceTree = "<group>";
		};
		0241D11220241EF7005D9F91 /* Localizable.strings */ = {
			isa = PBXVariantGroup;
			children = (
				0241D11120241EF7005D9F91 /* Base */,
			);
			name = Localizable.strings;
			sourceTree = "<group>";
		};
/* End PBXVariantGroup section */

/* Begin XCBuildConfiguration section */
		023729832023365C009D4187 /* Debug */ = {
			isa = XCBuildConfiguration;
			buildSettings = {
				ALWAYS_SEARCH_USER_PATHS = NO;
				CLANG_ANALYZER_NONNULL = YES;
				CLANG_ANALYZER_NUMBER_OBJECT_CONVERSION = YES_AGGRESSIVE;
				CLANG_CXX_LANGUAGE_STANDARD = "gnu++0x";
				CLANG_CXX_LIBRARY = "libc++";
				CLANG_ENABLE_MODULES = YES;
				CLANG_ENABLE_OBJC_ARC = YES;
				CLANG_WARN_BOOL_CONVERSION = YES;
				CLANG_WARN_CONSTANT_CONVERSION = YES;
				CLANG_WARN_DIRECT_OBJC_ISA_USAGE = YES_ERROR;
				CLANG_WARN_DOCUMENTATION_COMMENTS = YES;
				CLANG_WARN_EMPTY_BODY = YES;
				CLANG_WARN_ENUM_CONVERSION = YES;
				CLANG_WARN_INFINITE_RECURSION = YES;
				CLANG_WARN_INT_CONVERSION = YES;
				CLANG_WARN_OBJC_ROOT_CLASS = YES_ERROR;
				CLANG_WARN_SUSPICIOUS_MOVE = YES;
				CLANG_WARN_UNREACHABLE_CODE = YES;
				CLANG_WARN__DUPLICATE_METHOD_MATCH = YES;
				"CODE_SIGN_IDENTITY[sdk=iphoneos*]" = "iPhone Developer";
				COPY_PHASE_STRIP = NO;
				DEBUG_INFORMATION_FORMAT = dwarf;
				ENABLE_STRICT_OBJC_MSGSEND = YES;
				ENABLE_TESTABILITY = YES;
				GCC_C_LANGUAGE_STANDARD = gnu99;
				GCC_DYNAMIC_NO_PIC = NO;
				GCC_NO_COMMON_BLOCKS = YES;
				GCC_OPTIMIZATION_LEVEL = 0;
				GCC_PREPROCESSOR_DEFINITIONS = (
					"DEBUG=1",
					"$(inherited)",
				);
				GCC_WARN_64_TO_32_BIT_CONVERSION = YES;
				GCC_WARN_ABOUT_RETURN_TYPE = YES_ERROR;
				GCC_WARN_UNDECLARED_SELECTOR = YES;
				GCC_WARN_UNINITIALIZED_AUTOS = YES_AGGRESSIVE;
				GCC_WARN_UNUSED_FUNCTION = YES;
				GCC_WARN_UNUSED_VARIABLE = YES;
				IPHONEOS_DEPLOYMENT_TARGET = 10.3;
				MTL_ENABLE_DEBUG_INFO = YES;
				ONLY_ACTIVE_ARCH = YES;
				SDKROOT = iphoneos;
				SWIFT_ACTIVE_COMPILATION_CONDITIONS = DEBUG;
				SWIFT_OPTIMIZATION_LEVEL = "-Onone";
				SWIFT_VERSION = 5.0;
				TARGETED_DEVICE_FAMILY = "1,2";
			};
			name = Debug;
		};
		023729842023365C009D4187 /* Release */ = {
			isa = XCBuildConfiguration;
			buildSettings = {
				ALWAYS_SEARCH_USER_PATHS = NO;
				CLANG_ANALYZER_NONNULL = YES;
				CLANG_ANALYZER_NUMBER_OBJECT_CONVERSION = YES_AGGRESSIVE;
				CLANG_CXX_LANGUAGE_STANDARD = "gnu++0x";
				CLANG_CXX_LIBRARY = "libc++";
				CLANG_ENABLE_MODULES = YES;
				CLANG_ENABLE_OBJC_ARC = YES;
				CLANG_WARN_BOOL_CONVERSION = YES;
				CLANG_WARN_CONSTANT_CONVERSION = YES;
				CLANG_WARN_DIRECT_OBJC_ISA_USAGE = YES_ERROR;
				CLANG_WARN_DOCUMENTATION_COMMENTS = YES;
				CLANG_WARN_EMPTY_BODY = YES;
				CLANG_WARN_ENUM_CONVERSION = YES;
				CLANG_WARN_INFINITE_RECURSION = YES;
				CLANG_WARN_INT_CONVERSION = YES;
				CLANG_WARN_OBJC_ROOT_CLASS = YES_ERROR;
				CLANG_WARN_SUSPICIOUS_MOVE = YES;
				CLANG_WARN_UNREACHABLE_CODE = YES;
				CLANG_WARN__DUPLICATE_METHOD_MATCH = YES;
				"CODE_SIGN_IDENTITY[sdk=iphoneos*]" = "iPhone Developer";
				COPY_PHASE_STRIP = NO;
				DEBUG_INFORMATION_FORMAT = "dwarf-with-dsym";
				ENABLE_NS_ASSERTIONS = NO;
				ENABLE_STRICT_OBJC_MSGSEND = YES;
				GCC_C_LANGUAGE_STANDARD = gnu99;
				GCC_NO_COMMON_BLOCKS = YES;
				GCC_WARN_64_TO_32_BIT_CONVERSION = YES;
				GCC_WARN_ABOUT_RETURN_TYPE = YES_ERROR;
				GCC_WARN_UNDECLARED_SELECTOR = YES;
				GCC_WARN_UNINITIALIZED_AUTOS = YES_AGGRESSIVE;
				GCC_WARN_UNUSED_FUNCTION = YES;
				GCC_WARN_UNUSED_VARIABLE = YES;
				IPHONEOS_DEPLOYMENT_TARGET = 10.3;
				MTL_ENABLE_DEBUG_INFO = NO;
				SDKROOT = iphoneos;
				SWIFT_OPTIMIZATION_LEVEL = "-Owholemodule";
				SWIFT_VERSION = 5.0;
				TARGETED_DEVICE_FAMILY = "1,2";
				VALIDATE_PRODUCT = YES;
			};
			name = Release;
		};
		023729862023365C009D4187 /* Debug */ = {
			isa = XCBuildConfiguration;
			baseConfigurationReference = 8E5B44ED3D4125319371DE3A /* Pods-TaiChungWeather.debug.xcconfig */;
			buildSettings = {
				ASSETCATALOG_COMPILER_APPICON_NAME = AppIcon;
				DEVELOPMENT_TEAM = 47FGBWZVJ9;
				INFOPLIST_FILE = TaiChungWeather/Info.plist;
				IPHONEOS_DEPLOYMENT_TARGET = 10.0;
				LD_RUNPATH_SEARCH_PATHS = "$(inherited) @executable_path/Frameworks";
				PRODUCT_BUNDLE_IDENTIFIER = cc.jerome.TaiChungWeather;
				PRODUCT_NAME = "$(TARGET_NAME)";
				SWIFT_VERSION = 5.0;
				TARGETED_DEVICE_FAMILY = 1;
			};
			name = Debug;
		};
		023729872023365C009D4187 /* Release */ = {
			isa = XCBuildConfiguration;
			baseConfigurationReference = 4F570888C24A82027359EF28 /* Pods-TaiChungWeather.release.xcconfig */;
			buildSettings = {
				ASSETCATALOG_COMPILER_APPICON_NAME = AppIcon;
				DEVELOPMENT_TEAM = 47FGBWZVJ9;
				INFOPLIST_FILE = TaiChungWeather/Info.plist;
				IPHONEOS_DEPLOYMENT_TARGET = 10.0;
				LD_RUNPATH_SEARCH_PATHS = "$(inherited) @executable_path/Frameworks";
				PRODUCT_BUNDLE_IDENTIFIER = cc.jerome.TaiChungWeather;
				PRODUCT_NAME = "$(TARGET_NAME)";
				SWIFT_VERSION = 5.0;
				TARGETED_DEVICE_FAMILY = 1;
			};
			name = Release;
		};
/* End XCBuildConfiguration section */

/* Begin XCConfigurationList section */
		0237296E2023365C009D4187 /* Build configuration list for PBXProject "TaiChungWeather" */ = {
			isa = XCConfigurationList;
			buildConfigurations = (
				023729832023365C009D4187 /* Debug */,
				023729842023365C009D4187 /* Release */,
			);
			defaultConfigurationIsVisible = 0;
			defaultConfigurationName = Release;
		};
		023729852023365C009D4187 /* Build configuration list for PBXNativeTarget "TaiChungWeather" */ = {
			isa = XCConfigurationList;
			buildConfigurations = (
				023729862023365C009D4187 /* Debug */,
				023729872023365C009D4187 /* Release */,
			);
			defaultConfigurationIsVisible = 0;
			defaultConfigurationName = Release;
		};
/* End XCConfigurationList section */

/* Begin XCVersionGroup section */
		02C5671C2024408600A5DAB8 /* WeekWeather.xcdatamodeld */ = {
			isa = XCVersionGroup;
			children = (
				02C5671D2024408600A5DAB8 /* WeekWeather.xcdatamodel */,
			);
			currentVersion = 02C5671D2024408600A5DAB8 /* WeekWeather.xcdatamodel */;
			path = WeekWeather.xcdatamodeld;
			sourceTree = "<group>";
			versionGroupType = wrapper.xcdatamodel;
		};
/* End XCVersionGroup section */
	};
	rootObject = 0237296B2023365C009D4187 /* Project object */;
}
