PODS:
  - DGElasticPullToRefresh (1.1)
  - Ji (5.0.0)
  - R.swift (5.0.3):
    - R.swift.Library (~> 5.0.0)
  - R.swift.Library (5.0.1)
  - SwiftLint (0.34.0)

DEPENDENCIES:
  - DGElasticPullToRefresh (from `https://github.com/KennethTsang/DGElasticPullToRefresh.git`)
  - Ji (~> 5.0.0)
  - R.swift
  - SwiftLint

SPEC REPOS:
  https://github.com/cocoapods/specs.git:
    - Ji
    - R.swift
    - R.swift.Library
    - SwiftLint

EXTERNAL SOURCES:
  DGElasticPullToRefresh:
    :git: https://github.com/KennethTsang/DGElasticPullToRefresh.git

CHECKOUT OPTIONS:
  DGElasticPullToRefresh:
    :commit: 274c5fe8998e31ea71a4dc250c7edee51e52a978
    :git: https://github.com/KennethTsang/DGElasticPullToRefresh.git

SPEC CHECKSUMS:
  DGElasticPullToRefresh: 28f11a6026302a90f8ffebbc6e24748e584dddd3
  Ji: d795fed288fe78658b404c88946d753b17d8d7f4
  R.swift: f5a87643b91ea569d23d6afb3eee9c743edde239
  R.swift.Library: cfe85d569d9bae6cb262922db130e7c3a7a5fad1
  SwiftLint: 79d48a17c6565dc286c37efb8322c7b450f95c67

PODFILE CHECKSUM: a0824b400010fd714e0d26ed1a4244b77bb038c5

COCOAPODS: 1.7.5
